<?xml version="1.0" encoding="utf-8"?>
<Project ToolsVersion="4.0" xmlns="http://schemas.microsoft.com/developer/msbuild/2003">
  <ItemGroup>
    <ClCompile Include="$(MSBuildThisFileDirectory)BackTitleButton.cpp" />
    <ClCompile Include="$(MSBuildThisFileDirectory)Box.cpp" />
    <ClCompile Include="$(MSBuildThisFileDirectory)Character.cpp" />
    <ClCompile Include="$(MSBuildThisFileDirectory)Cheese.cpp" />
    <ClCompile Include="$(MSBuildThisFileDirectory)Enemy.cpp" />
    <ClCompile Include="$(MSBuildThisFileDirectory)gameClearSprite.cpp" />
    <ClCompile Include="$(MSBuildThisFileDirectory)GameStage.cpp" />
    <ClCompile Include="$(MSBuildThisFileDirectory)Goal.cpp" />
    <ClCompile Include="$(MSBuildThisFileDirectory)GoalStage.cpp" />
    <ClCompile Include="$(MSBuildThisFileDirectory)Ground.cpp" />
    <ClCompile Include="$(MSBuildThisFileDirectory)PauseSprite.cpp" />
    <ClCompile Include="$(MSBuildThisFileDirectory)MainCamera.cpp" />
    <ClCompile Include="$(MSBuildThisFileDirectory)Player.cpp" />
    <ClCompile Include="$(MSBuildThisFileDirectory)Player2.cpp" />
    <ClCompile Include="$(MSBuildThisFileDirectory)ProjectBehavior.cpp" />
    <ClCompile Include="$(MSBuildThisFileDirectory)ProjectShader.cpp" />
    <ClCompile Include="$(MSBuildThisFileDirectory)RaycastLine.cpp" />
    <ClCompile Include="$(MSBuildThisFileDirectory)Scene.cpp" />
    <ClCompile Include="$(MSBuildThisFileDirectory)ShadowObject.cpp" />
    <ClCompile Include="$(MSBuildThisFileDirectory)SelectStageSprite.cpp" />
    <ClCompile Include="$(MSBuildThisFileDirectory)ShadowFloor.cpp" />
    <ClCompile Include="$(MSBuildThisFileDirectory)SpotLight.cpp" />
    <ClCompile Include="$(MSBuildThisFileDirectory)SelectStage.cpp" />
    <ClCompile Include="$(MSBuildThisFileDirectory)Start.cpp" />
    <ClCompile Include="$(MSBuildThisFileDirectory)TitleSprite.cpp" />
    <ClCompile Include="$(MSBuildThisFileDirectory)TitleStratButton.cpp" />
    <ClCompile Include="$(MSBuildThisFileDirectory)TitleStage.cpp" />
    <ClCompile Include="$(MSBuildThisFileDirectory)SystemManager.cpp" />
    <ClCompile Include="$(MSBuildThisFileDirectory)Wall.cpp" />
    <ClCompile Include="$(MSBuildThisFileDirectory)WinMain.cpp" />
  </ItemGroup>
  <ItemGroup>
    <ClInclude Include="$(MSBuildThisFileDirectory)Character.h">
      <Filter>Headers</Filter>
    </ClInclude>
    <ClInclude Include="$(MSBuildThisFileDirectory)GameStage.h">
      <Filter>Headers</Filter>
    </ClInclude>
    <ClInclude Include="$(MSBuildThisFileDirectory)Player.h">
      <Filter>Headers</Filter>
    </ClInclude>
    <ClInclude Include="$(MSBuildThisFileDirectory)Project.h">
      <Filter>Headers</Filter>
    </ClInclude>
    <ClInclude Include="$(MSBuildThisFileDirectory)ProjectShader.h">
      <Filter>Headers</Filter>
    </ClInclude>
    <ClInclude Include="$(MSBuildThisFileDirectory)Scene.h">
      <Filter>Headers</Filter>
    </ClInclude>
    <ClInclude Include="$(MSBuildThisFileDirectory)ProjectBehavior.h">
      <Filter>Headers</Filter>
    </ClInclude>
    <ClInclude Include="$(MSBuildThisFileDirectory)Player2.h">
      <Filter>Katono_Stage</Filter>
    </ClInclude>
    <ClInclude Include="$(MSBuildThisFileDirectory)Goal.h">
      <Filter>Seino_Stage</Filter>
    </ClInclude>
    <ClInclude Include="$(MSBuildThisFileDirectory)Start.h">
      <Filter>Seino_Stage</Filter>
    </ClInclude>
    <ClInclude Include="$(MSBuildThisFileDirectory)Box.h">
      <Filter>Honda_Stage</Filter>
    </ClInclude>
    <ClInclude Include="$(MSBuildThisFileDirectory)SpotLight.h">
      <Filter>Honda_Stage</Filter>
    </ClInclude>
    <ClInclude Include="$(MSBuildThisFileDirectory)Ground.h">
      <Filter>Honda_Stage</Filter>
    </ClInclude>
    <ClInclude Include="$(MSBuildThisFileDirectory)Wall.h">
      <Filter>Honda_Stage</Filter>
    </ClInclude>
    <ClInclude Include="$(MSBuildThisFileDirectory)Cheese.h">
      <Filter>Seino_Stage</Filter>
    </ClInclude>
    <ClInclude Include="$(MSBuildThisFileDirectory)GameManager.h">
      <Filter>Tamura_Stage</Filter>
    </ClInclude>
    <ClInclude Include="$(MSBuildThisFileDirectory)SystemManager.h">
      <Filter>Tamura_Stage</Filter>
    </ClInclude>
    <ClInclude Include="$(MSBuildThisFileDirectory)TitleStage.h">
      <Filter>Seino_Stage</Filter>
    </ClInclude>
    <ClInclude Include="$(MSBuildThisFileDirectory)TitleSprite.h">
      <Filter>Seino_Stage</Filter>
    </ClInclude>
    <ClInclude Include="$(MSBuildThisFileDirectory)GoalStage.h">
      <Filter>Seino_Stage</Filter>
    </ClInclude>
    <ClInclude Include="$(MSBuildThisFileDirectory)gameClearSprite.h">
      <Filter>Seino_Stage</Filter>
    </ClInclude>
    <ClInclude Include="$(MSBuildThisFileDirectory)MainCamera.h">
      <Filter>Katono_Stage</Filter>
    </ClInclude>
    <ClInclude Include="$(MSBuildThisFileDirectory)TestShadowBox.h">
      <Filter>Katono_Stage</Filter>
    </ClInclude>
    <ClInclude Include="$(MSBuildThisFileDirectory)Phase1.h">
      <Filter>Katono_Stage</Filter>
    </ClInclude>
  </ItemGroup>
  <ItemGroup>
    <ClCompile Include="$(MSBuildThisFileDirectory)Character.cpp">
      <Filter>Sources</Filter>
    </ClCompile>
    <ClCompile Include="$(MSBuildThisFileDirectory)GameStage.cpp">
      <Filter>Sources</Filter>
    </ClCompile>
    <ClCompile Include="$(MSBuildThisFileDirectory)Player.cpp">
      <Filter>Sources</Filter>
    </ClCompile>
    <ClCompile Include="$(MSBuildThisFileDirectory)ProjectShader.cpp">
      <Filter>Sources</Filter>
    </ClCompile>
    <ClCompile Include="$(MSBuildThisFileDirectory)Scene.cpp">
      <Filter>Sources</Filter>
    </ClCompile>
    <ClCompile Include="$(MSBuildThisFileDirectory)WinMain.cpp">
      <Filter>Sources</Filter>
    </ClCompile>
    <ClCompile Include="$(MSBuildThisFileDirectory)ProjectBehavior.cpp">
      <Filter>Sources</Filter>
    </ClCompile>
    <ClCompile Include="$(MSBuildThisFileDirectory)Player2.cpp">
      <Filter>Katono_Stage</Filter>
    </ClCompile>
    <ClCompile Include="$(MSBuildThisFileDirectory)Goal.cpp">
      <Filter>Seino_Stage</Filter>
    </ClCompile>
    <ClCompile Include="$(MSBuildThisFileDirectory)Start.cpp">
      <Filter>Seino_Stage</Filter>
    </ClCompile>
    <ClCompile Include="$(MSBuildThisFileDirectory)Box.cpp">
      <Filter>Honda_Stage</Filter>
    </ClCompile>
    <ClCompile Include="$(MSBuildThisFileDirectory)SpotLight.cpp">
      <Filter>Honda_Stage</Filter>
    </ClCompile>
    <ClCompile Include="$(MSBuildThisFileDirectory)Ground.cpp">
      <Filter>Honda_Stage</Filter>
    </ClCompile>
    <ClCompile Include="$(MSBuildThisFileDirectory)Wall.cpp">
      <Filter>Honda_Stage</Filter>
    </ClCompile>
    <ClCompile Include="$(MSBuildThisFileDirectory)Cheese.cpp">
      <Filter>Seino_Stage</Filter>
    </ClCompile>
    <ClCompile Include="$(MSBuildThisFileDirectory)TitleStage.cpp">
      <Filter>Seino_Stage</Filter>
    </ClCompile>
    <ClCompile Include="$(MSBuildThisFileDirectory)TitleSprite.cpp">
      <Filter>Seino_Stage</Filter>
    </ClCompile>
    <ClCompile Include="$(MSBuildThisFileDirectory)SystemManager.cpp" />
    <ClCompile Include="$(MSBuildThisFileDirectory)GoalStage.cpp">
      <Filter>Seino_Stage</Filter>
    </ClCompile>
    <ClCompile Include="$(MSBuildThisFileDirectory)gameClearSprite.cpp">
      <Filter>Seino_Stage</Filter>
    </ClCompile>
    <ClCompile Include="$(MSBuildThisFileDirectory)MainCamera.cpp">
      <Filter>Katono_Stage</Filter>
    </ClCompile>
    <ClCompile Include="$(MSBuildThisFileDirectory)TestShadowBox.cpp">
      <Filter>Katono_Stage</Filter>
    </ClCompile>
    <ClCompile Include="$(MSBuildThisFileDirectory)Phase1.cpp">
      <Filter>Katono_Stage</Filter>
    </ClCompile>
    <ClInclude Include="$(MSBuildThisFileDirectory)BackTitleButton.h" />
    <ClInclude Include="$(MSBuildThisFileDirectory)Box.h" />
    <ClInclude Include="$(MSBuildThisFileDirectory)Character.h" />
    <ClInclude Include="$(MSBuildThisFileDirectory)Enemy.h" />
    <ClInclude Include="$(MSBuildThisFileDirectory)gameClearSprite.h" />
    <ClInclude Include="$(MSBuildThisFileDirectory)GameManager.h" />
    <ClInclude Include="$(MSBuildThisFileDirectory)Cheese.h" />
    <ClInclude Include="$(MSBuildThisFileDirectory)GameStage.h" />
    <ClInclude Include="$(MSBuildThisFileDirectory)Goal.h" />
    <ClInclude Include="$(MSBuildThisFileDirectory)GoalStage.h" />
    <ClInclude Include="$(MSBuildThisFileDirectory)Ground.h" />
    <ClInclude Include="$(MSBuildThisFileDirectory)MainCamera.h" />
    <ClInclude Include="$(MSBuildThisFileDirectory)PauseSprite.h" />
    <ClInclude Include="$(MSBuildThisFileDirectory)Player.h" />
    <ClInclude Include="$(MSBuildThisFileDirectory)Player2.h" />
    <ClInclude Include="$(MSBuildThisFileDirectory)Project.h" />
    <ClInclude Include="$(MSBuildThisFileDirectory)ProjectBehavior.h" />
    <ClInclude Include="$(MSBuildThisFileDirectory)ProjectShader.h" />
    <ClInclude Include="$(MSBuildThisFileDirectory)RaycastLine.h" />
    <ClInclude Include="$(MSBuildThisFileDirectory)Scene.h" />
    <ClInclude Include="$(MSBuildThisFileDirectory)ShadowObject.h" />
    <ClInclude Include="$(MSBuildThisFileDirectory)SelectStageSprite.h" />
    <ClInclude Include="$(MSBuildThisFileDirectory)ShadowFloor.h" />
    <ClInclude Include="$(MSBuildThisFileDirectory)SpotLight.h" />
    <ClInclude Include="$(MSBuildThisFileDirectory)SelectStage.h" />
    <ClInclude Include="$(MSBuildThisFileDirectory)Start.h" />
    <ClInclude Include="$(MSBuildThisFileDirectory)TitleSprite.h" />
    <ClInclude Include="$(MSBuildThisFileDirectory)TitleStratButton.h" />
    <ClInclude Include="$(MSBuildThisFileDirectory)TitleStage.h" />
    <ClInclude Include="$(MSBuildThisFileDirectory)SystemManager.h" />
    <ClInclude Include="$(MSBuildThisFileDirectory)Wall.h" />
  </ItemGroup>
</Project>